
Microsoft Visual Studio Solution File, Format Version 12.00
# Visual Studio Version 16
VisualStudioVersion = 16.0.30717.126
MinimumVisualStudioVersion = 10.0.40219.1
Project("{FAE04EC0-301F-11D3-BF4B-00C04F79EFBC}") = "Backtrack", "Backtrack\Backtrack.csproj", "{5C4C812D-46AD-4FBB-93C8-2C00D9E947F2}"
EndProject
Global
	GlobalSection(SolutionConfigurationPlatforms) = preSolution
		Debug|Any CPU = Debug|Any CPU
		Release|Any CPU = Release|Any CPU
	EndGlobalSection
	GlobalSection(ProjectConfigurationPlatforms) = postSolution
		{5C4C812D-46AD-4FBB-93C8-2C00D9E947F2}.Debug|Any CPU.ActiveCfg = Debug|Any CPU
		{5C4C812D-46AD-4FBB-93C8-2C00D9E947F2}.Debug|Any CPU.Build.0 = Debug|Any CPU
		{5C4C812D-46AD-4FBB-93C8-2C00D9E947F2}.Release|Any CPU.ActiveCfg = Release|Any CPU
		{5C4C812D-46AD-4FBB-93C8-2C00D9E947F2}.Release|Any CPU.Build.0 = Release|Any CPU
	EndGlobalSection
	GlobalSection(SolutionProperties) = preSolution
		HideSolutionNode = FALSE
	EndGlobalSection
	GlobalSection(ExtensibilityGlobals) = postSolution
		SolutionGuid = {30FFDC39-AC95-4553-8887-F0F1DE5BFD76}
	EndGlobalSection
EndGlobal
